
Microsoft Visual Studio Solution File, Format Version 12.00
# Visual Studio Version 17
VisualStudioVersion = 17.6.33815.320
MinimumVisualStudioVersion = 10.0.40219.1
Project("{8BC9CEB8-8B4A-11D0-8D11-00A0C91BC942}") = "Connect4Pupil", "Connect4Pupil\Connect4Pupil.vcxproj", "{7C240E3B-0EB8-479A-A1B6-C5FB27AC3B8E}"
EndProject
Global
	GlobalSection(SolutionConfigurationPlatforms) = preSolution
		Debug|x64 = Debug|x64
		Release|x64 = Release|x64
	EndGlobalSection
	GlobalSection(ProjectConfigurationPlatforms) = postSolution
		{7C240E3B-0EB8-479A-A1B6-C5FB27AC3B8E}.Debug|x64.ActiveCfg = Debug|x64
		{7C240E3B-0EB8-479A-A1B6-C5FB27AC3B8E}.Debug|x64.Build.0 = Debug|x64
		{7C240E3B-0EB8-479A-A1B6-C5FB27AC3B8E}.Release|x64.ActiveCfg = Release|x64
		{7C240E3B-0EB8-479A-A1B6-C5FB27AC3B8E}.Release|x64.Build.0 = Release|x64
	EndGlobalSection
	GlobalSection(SolutionProperties) = preSolution
		HideSolutionNode = FALSE
	EndGlobalSection
	GlobalSection(ExtensibilityGlobals) = postSolution
		SolutionGuid = {AED55456-62AB-482A-B21C-624F5E3504CE}
	EndGlobalSection
EndGlobal
